// !$*UTF8*$!
{
	archiveVersion = 1;
	classes = {
	};
	objectVersion = 56;
	objects = {

/* Begin PBXBuildFile section */
		9F2558272A235A8400D5E912 /* AppDelegate.swift in Sources */ = {isa = PBXBuildFile; fileRef = 9F2558262A235A8400D5E912 /* AppDelegate.swift */; };
		9F2558292A235A8400D5E912 /* SceneDelegate.swift in Sources */ = {isa = PBXBuildFile; fileRef = 9F2558282A235A8400D5E912 /* SceneDelegate.swift */; };
		9F25582B2A235A8400D5E912 /* CheckoutViewController.swift in Sources */ = {isa = PBXBuildFile; fileRef = 9F25582A2A235A8400D5E912 /* CheckoutViewController.swift */; };
		9F2558302A235A8600D5E912 /* Assets.xcassets in Resources */ = {isa = PBXBuildFile; fileRef = 9F25582F2A235A8600D5E912 /* Assets.xcassets */; };
		9F25583D2A235AEE00D5E912 /* LaunchScreen.storyboard in Resources */ = {isa = PBXBuildFile; fileRef = 9F25583C2A235AEE00D5E912 /* LaunchScreen.storyboard */; };
		9F2558422A236D1500D5E912 /* CheckoutViewModel.swift in Sources */ = {isa = PBXBuildFile; fileRef = 9F2558412A236D1500D5E912 /* CheckoutViewModel.swift */; };
		9F2558442A2370F800D5E912 /* CheckoutDetailsInputView.swift in Sources */ = {isa = PBXBuildFile; fileRef = 9F2558432A2370F800D5E912 /* CheckoutDetailsInputView.swift */; };
		9F2558472A2374C500D5E912 /* Constants.swift in Sources */ = {isa = PBXBuildFile; fileRef = 9F2558462A2374C400D5E912 /* Constants.swift */; };
		9F25584A2A23801E00D5E912 /* CheckoutTextField.swift in Sources */ = {isa = PBXBuildFile; fileRef = 9F2558492A23801E00D5E912 /* CheckoutTextField.swift */; };
		9F25584E2A23A29700D5E912 /* CheckoutDetailsFooterView.swift in Sources */ = {isa = PBXBuildFile; fileRef = 9F25584D2A23A29700D5E912 /* CheckoutDetailsFooterView.swift */; };
		9F2558502A23B84800D5E912 /* CheckoutButton.swift in Sources */ = {isa = PBXBuildFile; fileRef = 9F25584F2A23B84700D5E912 /* CheckoutButton.swift */; };
/* End PBXBuildFile section */

/* Begin PBXFileReference section */
		9F2558232A235A8400D5E912 /* Payment-App.app */ = {isa = PBXFileReference; explicitFileType = wrapper.application; includeInIndex = 0; path = "Payment-App.app"; sourceTree = BUILT_PRODUCTS_DIR; };
		9F2558262A235A8400D5E912 /* AppDelegate.swift */ = {isa = PBXFileReference; lastKnownFileType = sourcecode.swift; path = AppDelegate.swift; sourceTree = "<group>"; };
		9F2558282A235A8400D5E912 /* SceneDelegate.swift */ = {isa = PBXFileReference; lastKnownFileType = sourcecode.swift; path = SceneDelegate.swift; sourceTree = "<group>"; };
		9F25582A2A235A8400D5E912 /* CheckoutViewController.swift */ = {isa = PBXFileReference; lastKnownFileType = sourcecode.swift; path = CheckoutViewController.swift; sourceTree = "<group>"; };
		9F25582F2A235A8600D5E912 /* Assets.xcassets */ = {isa = PBXFileReference; lastKnownFileType = folder.assetcatalog; path = Assets.xcassets; sourceTree = "<group>"; };
		9F2558342A235A8600D5E912 /* Info.plist */ = {isa = PBXFileReference; lastKnownFileType = text.plist.xml; path = Info.plist; sourceTree = "<group>"; };
		9F25583C2A235AEE00D5E912 /* LaunchScreen.storyboard */ = {isa = PBXFileReference; fileEncoding = 4; lastKnownFileType = file.storyboard; path = LaunchScreen.storyboard; sourceTree = "<group>"; };
		9F2558412A236D1500D5E912 /* CheckoutViewModel.swift */ = {isa = PBXFileReference; lastKnownFileType = sourcecode.swift; path = CheckoutViewModel.swift; sourceTree = "<group>"; };
		9F2558432A2370F800D5E912 /* CheckoutDetailsInputView.swift */ = {isa = PBXFileReference; lastKnownFileType = sourcecode.swift; path = CheckoutDetailsInputView.swift; sourceTree = "<group>"; };
		9F2558462A2374C400D5E912 /* Constants.swift */ = {isa = PBXFileReference; lastKnownFileType = sourcecode.swift; path = Constants.swift; sourceTree = "<group>"; };
		9F2558492A23801E00D5E912 /* CheckoutTextField.swift */ = {isa = PBXFileReference; lastKnownFileType = sourcecode.swift; path = CheckoutTextField.swift; sourceTree = "<group>"; };
		9F25584D2A23A29700D5E912 /* CheckoutDetailsFooterView.swift */ = {isa = PBXFileReference; lastKnownFileType = sourcecode.swift; path = CheckoutDetailsFooterView.swift; sourceTree = "<group>"; };
		9F25584F2A23B84700D5E912 /* CheckoutButton.swift */ = {isa = PBXFileReference; lastKnownFileType = sourcecode.swift; name = CheckoutButton.swift; path = ../../../../../../../../Documents/CheckoutButton.swift; sourceTree = "<group>"; };
/* End PBXFileReference section */

/* Begin PBXFrameworksBuildPhase section */
		9F2558202A235A8400D5E912 /* Frameworks */ = {
			isa = PBXFrameworksBuildPhase;
			buildActionMask = 2147483647;
			files = (
			);
			runOnlyForDeploymentPostprocessing = 0;
		};
/* End PBXFrameworksBuildPhase section */

/* Begin PBXGroup section */
		9F25581A2A235A8400D5E912 = {
			isa = PBXGroup;
			children = (
				9F2558252A235A8400D5E912 /* Payment-App */,
				9F2558242A235A8400D5E912 /* Products */,
			);
			sourceTree = "<group>";
		};
		9F2558242A235A8400D5E912 /* Products */ = {
			isa = PBXGroup;
			children = (
				9F2558232A235A8400D5E912 /* Payment-App.app */,
			);
			name = Products;
			sourceTree = "<group>";
		};
		9F2558252A235A8400D5E912 /* Payment-App */ = {
			isa = PBXGroup;
			children = (
				9F2558482A237FD500D5E912 /* Extensions */,
				9F2558452A2374BA00D5E912 /* Utility */,
				9F25583B2A235ACB00D5E912 /* Resources */,
				9F25583E2A235AF700D5E912 /* Presentation */,
				9F25583A2A235AB400D5E912 /* Root */,
				9F2558342A235A8600D5E912 /* Info.plist */,
			);
			path = "Payment-App";
			sourceTree = "<group>";
		};
		9F25583A2A235AB400D5E912 /* Root */ = {
			isa = PBXGroup;
			children = (
				9F2558262A235A8400D5E912 /* AppDelegate.swift */,
				9F2558282A235A8400D5E912 /* SceneDelegate.swift */,
			);
			path = Root;
			sourceTree = "<group>";
		};
		9F25583B2A235ACB00D5E912 /* Resources */ = {
			isa = PBXGroup;
			children = (
				9F25582F2A235A8600D5E912 /* Assets.xcassets */,
			);
			path = Resources;
			sourceTree = "<group>";
		};
		9F25583E2A235AF700D5E912 /* Presentation */ = {
			isa = PBXGroup;
			children = (
				9F25583F2A235B0E00D5E912 /* Scenes */,
				9F25583C2A235AEE00D5E912 /* LaunchScreen.storyboard */,
			);
			path = Presentation;
			sourceTree = "<group>";
		};
		9F25583F2A235B0E00D5E912 /* Scenes */ = {
			isa = PBXGroup;
			children = (
				9F2558402A236D0500D5E912 /* Checkout */,
			);
			path = Scenes;
			sourceTree = "<group>";
		};
		9F2558402A236D0500D5E912 /* Checkout */ = {
			isa = PBXGroup;
			children = (
				9F25584C2A239F9D00D5E912 /* Views */,
				9F25582A2A235A8400D5E912 /* CheckoutViewController.swift */,
				9F2558412A236D1500D5E912 /* CheckoutViewModel.swift */,
			);
			path = Checkout;
			sourceTree = "<group>";
		};
		9F2558452A2374BA00D5E912 /* Utility */ = {
			isa = PBXGroup;
			children = (
				9F2558462A2374C400D5E912 /* Constants.swift */,
			);
			path = Utility;
			sourceTree = "<group>";
		};
		9F2558482A237FD500D5E912 /* Extensions */ = {
			isa = PBXGroup;
			children = (
			);
			path = Extensions;
			sourceTree = "<group>";
		};
		9F25584C2A239F9D00D5E912 /* Views */ = {
			isa = PBXGroup;
			children = (
				9F2558432A2370F800D5E912 /* CheckoutDetailsInputView.swift */,
				9F25584D2A23A29700D5E912 /* CheckoutDetailsFooterView.swift */,
				9F2558492A23801E00D5E912 /* CheckoutTextField.swift */,
				9F25584F2A23B84700D5E912 /* CheckoutButton.swift */,
			);
			path = Views;
			sourceTree = "<group>";
		};
/* End PBXGroup section */

/* Begin PBXNativeTarget section */
		9F2558222A235A8400D5E912 /* Payment-App */ = {
			isa = PBXNativeTarget;
			buildConfigurationList = 9F2558372A235A8600D5E912 /* Build configuration list for PBXNativeTarget "Payment-App" */;
			buildPhases = (
				9F25581F2A235A8400D5E912 /* Sources */,
				9F2558202A235A8400D5E912 /* Frameworks */,
				9F2558212A235A8400D5E912 /* Resources */,
			);
			buildRules = (
			);
			dependencies = (
			);
			name = "Payment-App";
			productName = "Payment-App";
			productReference = 9F2558232A235A8400D5E912 /* Payment-App.app */;
			productType = "com.apple.product-type.application";
		};
/* End PBXNativeTarget section */

/* Begin PBXProject section */
		9F25581B2A235A8400D5E912 /* Project object */ = {
			isa = PBXProject;
			attributes = {
				BuildIndependentTargetsInParallel = 1;
				LastSwiftUpdateCheck = 1420;
				LastUpgradeCheck = 1420;
				TargetAttributes = {
					9F2558222A235A8400D5E912 = {
						CreatedOnToolsVersion = 14.2;
					};
				};
			};
			buildConfigurationList = 9F25581E2A235A8400D5E912 /* Build configuration list for PBXProject "Payment-App" */;
			compatibilityVersion = "Xcode 14.0";
			developmentRegion = en;
			hasScannedForEncodings = 0;
			knownRegions = (
				en,
				Base,
			);
			mainGroup = 9F25581A2A235A8400D5E912;
			productRefGroup = 9F2558242A235A8400D5E912 /* Products */;
			projectDirPath = "";
			projectRoot = "";
			targets = (
				9F2558222A235A8400D5E912 /* Payment-App */,
			);
		};
/* End PBXProject section */

/* Begin PBXResourcesBuildPhase section */
		9F2558212A235A8400D5E912 /* Resources */ = {
			isa = PBXResourcesBuildPhase;
			buildActionMask = 2147483647;
			files = (
				9F2558302A235A8600D5E912 /* Assets.xcassets in Resources */,
				9F25583D2A235AEE00D5E912 /* LaunchScreen.storyboard in Resources */,
			);
			runOnlyForDeploymentPostprocessing = 0;
		};
/* End PBXResourcesBuildPhase section */

/* Begin PBXSourcesBuildPhase section */
		9F25581F2A235A8400D5E912 /* Sources */ = {
			isa = PBXSourcesBuildPhase;
			buildActionMask = 2147483647;
			files = (
				9F2558502A23B84800D5E912 /* CheckoutButton.swift in Sources */,
				9F25584E2A23A29700D5E912 /* CheckoutDetailsFooterView.swift in Sources */,
				9F2558442A2370F800D5E912 /* CheckoutDetailsInputView.swift in Sources */,
				9F25584A2A23801E00D5E912 /* CheckoutTextField.swift in Sources */,
				9F25582B2A235A8400D5E912 /* CheckoutViewController.swift in Sources */,
				9F2558272A235A8400D5E912 /* AppDelegate.swift in Sources */,
				9F2558292A235A8400D5E912 /* SceneDelegate.swift in Sources */,
				9F2558422A236D1500D5E912 /* CheckoutViewModel.swift in Sources */,
				9F2558472A2374C500D5E912 /* Constants.swift in Sources */,
			);
			runOnlyForDeploymentPostprocessing = 0;
		};
/* End PBXSourcesBuildPhase section */

/* Begin XCBuildConfiguration section */
		9F2558352A235A8600D5E912 /* Debug */ = {
			isa = XCBuildConfiguration;
			buildSettings = {
				ALWAYS_SEARCH_USER_PATHS = NO;
				CLANG_ANALYZER_NONNULL = YES;
				CLANG_ANALYZER_NUMBER_OBJECT_CONVERSION = YES_AGGRESSIVE;
				CLANG_CXX_LANGUAGE_STANDARD = "gnu++20";
				CLANG_ENABLE_MODULES = YES;
				CLANG_ENABLE_OBJC_ARC = YES;
				CLANG_ENABLE_OBJC_WEAK = YES;
				CLANG_WARN_BLOCK_CAPTURE_AUTORELEASING = YES;
				CLANG_WARN_BOOL_CONVERSION = YES;
				CLANG_WARN_COMMA = YES;
				CLANG_WARN_CONSTANT_CONVERSION = YES;
				CLANG_WARN_DEPRECATED_OBJC_IMPLEMENTATIONS = YES;
				CLANG_WARN_DIRECT_OBJC_ISA_USAGE = YES_ERROR;
				CLANG_WARN_DOCUMENTATION_COMMENTS = YES;
				CLANG_WARN_EMPTY_BODY = YES;
				CLANG_WARN_ENUM_CONVERSION = YES;
				CLANG_WARN_INFINITE_RECURSION = YES;
				CLANG_WARN_INT_CONVERSION = YES;
				CLANG_WARN_NON_LITERAL_NULL_CONVERSION = YES;
				CLANG_WARN_OBJC_IMPLICIT_RETAIN_SELF = YES;
				CLANG_WARN_OBJC_LITERAL_CONVERSION = YES;
				CLANG_WARN_OBJC_ROOT_CLASS = YES_ERROR;
				CLANG_WARN_QUOTED_INCLUDE_IN_FRAMEWORK_HEADER = YES;
				CLANG_WARN_RANGE_LOOP_ANALYSIS = YES;
				CLANG_WARN_STRICT_PROTOTYPES = YES;
				CLANG_WARN_SUSPICIOUS_MOVE = YES;
				CLANG_WARN_UNGUARDED_AVAILABILITY = YES_AGGRESSIVE;
				CLANG_WARN_UNREACHABLE_CODE = YES;
				CLANG_WARN__DUPLICATE_METHOD_MATCH = YES;
				COPY_PHASE_STRIP = NO;
				DEBUG_INFORMATION_FORMAT = dwarf;
				ENABLE_STRICT_OBJC_MSGSEND = YES;
				ENABLE_TESTABILITY = YES;
				GCC_C_LANGUAGE_STANDARD = gnu11;
				GCC_DYNAMIC_NO_PIC = NO;
				GCC_NO_COMMON_BLOCKS = YES;
				GCC_OPTIMIZATION_LEVEL = 0;
				GCC_PREPROCESSOR_DEFINITIONS = (
					"DEBUG=1",
					"$(inherited)",
				);
				GCC_WARN_64_TO_32_BIT_CONVERSION = YES;
				GCC_WARN_ABOUT_RETURN_TYPE = YES_ERROR;
				GCC_WARN_UNDECLARED_SELECTOR = YES;
				GCC_WARN_UNINITIALIZED_AUTOS = YES_AGGRESSIVE;
				GCC_WARN_UNUSED_FUNCTION = YES;
				GCC_WARN_UNUSED_VARIABLE = YES;
				IPHONEOS_DEPLOYMENT_TARGET = 16.2;
				MTL_ENABLE_DEBUG_INFO = INCLUDE_SOURCE;
				MTL_FAST_MATH = YES;
				ONLY_ACTIVE_ARCH = YES;
				SDKROOT = iphoneos;
				SWIFT_ACTIVE_COMPILATION_CONDITIONS = DEBUG;
				SWIFT_OPTIMIZATION_LEVEL = "-Onone";
			};
			name = Debug;
		};
		9F2558362A235A8600D5E912 /* Release */ = {
			isa = XCBuildConfiguration;
			buildSettings = {
				ALWAYS_SEARCH_USER_PATHS = NO;
				CLANG_ANALYZER_NONNULL = YES;
				CLANG_ANALYZER_NUMBER_OBJECT_CONVERSION = YES_AGGRESSIVE;
				CLANG_CXX_LANGUAGE_STANDARD = "gnu++20";
				CLANG_ENABLE_MODULES = YES;
				CLANG_ENABLE_OBJC_ARC = YES;
				CLANG_ENABLE_OBJC_WEAK = YES;
				CLANG_WARN_BLOCK_CAPTURE_AUTORELEASING = YES;
				CLANG_WARN_BOOL_CONVERSION = YES;
				CLANG_WARN_COMMA = YES;
				CLANG_WARN_CONSTANT_CONVERSION = YES;
				CLANG_WARN_DEPRECATED_OBJC_IMPLEMENTATIONS = YES;
				CLANG_WARN_DIRECT_OBJC_ISA_USAGE = YES_ERROR;
				CLANG_WARN_DOCUMENTATION_COMMENTS = YES;
				CLANG_WARN_EMPTY_BODY = YES;
				CLANG_WARN_ENUM_CONVERSION = YES;
				CLANG_WARN_INFINITE_RECURSION = YES;
				CLANG_WARN_INT_CONVERSION = YES;
				CLANG_WARN_NON_LITERAL_NULL_CONVERSION = YES;
				CLANG_WARN_OBJC_IMPLICIT_RETAIN_SELF = YES;
				CLANG_WARN_OBJC_LITERAL_CONVERSION = YES;
				CLANG_WARN_OBJC_ROOT_CLASS = YES_ERROR;
				CLANG_WARN_QUOTED_INCLUDE_IN_FRAMEWORK_HEADER = YES;
				CLANG_WARN_RANGE_LOOP_ANALYSIS = YES;
				CLANG_WARN_STRICT_PROTOTYPES = YES;
				CLANG_WARN_SUSPICIOUS_MOVE = YES;
				CLANG_WARN_UNGUARDED_AVAILABILITY = YES_AGGRESSIVE;
				CLANG_WARN_UNREACHABLE_CODE = YES;
				CLANG_WARN__DUPLICATE_METHOD_MATCH = YES;
				COPY_PHASE_STRIP = NO;
				DEBUG_INFORMATION_FORMAT = "dwarf-with-dsym";
				ENABLE_NS_ASSERTIONS = NO;
				ENABLE_STRICT_OBJC_MSGSEND = YES;
				GCC_C_LANGUAGE_STANDARD = gnu11;
				GCC_NO_COMMON_BLOCKS = YES;
				GCC_WARN_64_TO_32_BIT_CONVERSION = YES;
				GCC_WARN_ABOUT_RETURN_TYPE = YES_ERROR;
				GCC_WARN_UNDECLARED_SELECTOR = YES;
				GCC_WARN_UNINITIALIZED_AUTOS = YES_AGGRESSIVE;
				GCC_WARN_UNUSED_FUNCTION = YES;
				GCC_WARN_UNUSED_VARIABLE = YES;
				IPHONEOS_DEPLOYMENT_TARGET = 16.2;
				MTL_ENABLE_DEBUG_INFO = NO;
				MTL_FAST_MATH = YES;
				SDKROOT = iphoneos;
				SWIFT_COMPILATION_MODE = wholemodule;
				SWIFT_OPTIMIZATION_LEVEL = "-O";
				VALIDATE_PRODUCT = YES;
			};
			name = Release;
		};
		9F2558382A235A8600D5E912 /* Debug */ = {
			isa = XCBuildConfiguration;
			buildSettings = {
				ASSETCATALOG_COMPILER_APPICON_NAME = AppIcon;
				ASSETCATALOG_COMPILER_GLOBAL_ACCENT_COLOR_NAME = AccentColor;
				CODE_SIGN_STYLE = Automatic;
				CURRENT_PROJECT_VERSION = 1;
				DEVELOPMENT_TEAM = 8JDHD2Z7HU;
				GENERATE_INFOPLIST_FILE = YES;
				INFOPLIST_FILE = "Payment-App/Info.plist";
				INFOPLIST_KEY_UIApplicationSupportsIndirectInputEvents = YES;
				INFOPLIST_KEY_UILaunchStoryboardName = LaunchScreen;
				INFOPLIST_KEY_UISupportedInterfaceOrientations_iPad = "UIInterfaceOrientationPortrait UIInterfaceOrientationPortraitUpsideDown UIInterfaceOrientationLandscapeLeft UIInterfaceOrientationLandscapeRight";
				INFOPLIST_KEY_UISupportedInterfaceOrientations_iPhone = "UIInterfaceOrientationPortrait UIInterfaceOrientationLandscapeLeft UIInterfaceOrientationLandscapeRight";
				LD_RUNPATH_SEARCH_PATHS = (
					"$(inherited)",
					"@executable_path/Frameworks",
				);
				MARKETING_VERSION = 1.0;
				PRODUCT_BUNDLE_IDENTIFIER = "Aleksandre-Khubuluri.Payment-App";
				PRODUCT_NAME = "$(TARGET_NAME)";
				SWIFT_EMIT_LOC_STRINGS = YES;
				SWIFT_VERSION = 5.0;
				TARGETED_DEVICE_FAMILY = "1,2";
			};
			name = Debug;
		};
		9F2558392A235A8600D5E912 /* Release */ = {
			isa = XCBuildConfiguration;
			buildSettings = {
				ASSETCATALOG_COMPILER_APPICON_NAME = AppIcon;
				ASSETCATALOG_COMPILER_GLOBAL_ACCENT_COLOR_NAME = AccentColor;
				CODE_SIGN_STYLE = Automatic;
				CURRENT_PROJECT_VERSION = 1;
				DEVELOPMENT_TEAM = 8JDHD2Z7HU;
				GENERATE_INFOPLIST_FILE = YES;
				INFOPLIST_FILE = "Payment-App/Info.plist";
				INFOPLIST_KEY_UIApplicationSupportsIndirectInputEvents = YES;
				INFOPLIST_KEY_UILaunchStoryboardName = LaunchScreen;
				INFOPLIST_KEY_UISupportedInterfaceOrientations_iPad = "UIInterfaceOrientationPortrait UIInterfaceOrientationPortraitUpsideDown UIInterfaceOrientationLandscapeLeft UIInterfaceOrientationLandscapeRight";
				INFOPLIST_KEY_UISupportedInterfaceOrientations_iPhone = "UIInterfaceOrientationPortrait UIInterfaceOrientationLandscapeLeft UIInterfaceOrientationLandscapeRight";
				LD_RUNPATH_SEARCH_PATHS = (
					"$(inherited)",
					"@executable_path/Frameworks",
				);
				MARKETING_VERSION = 1.0;
				PRODUCT_BUNDLE_IDENTIFIER = "Aleksandre-Khubuluri.Payment-App";
				PRODUCT_NAME = "$(TARGET_NAME)";
				SWIFT_EMIT_LOC_STRINGS = YES;
				SWIFT_VERSION = 5.0;
				TARGETED_DEVICE_FAMILY = "1,2";
			};
			name = Release;
		};
/* End XCBuildConfiguration section */

/* Begin XCConfigurationList section */
		9F25581E2A235A8400D5E912 /* Build configuration list for PBXProject "Payment-App" */ = {
			isa = XCConfigurationList;
			buildConfigurations = (
				9F2558352A235A8600D5E912 /* Debug */,
				9F2558362A235A8600D5E912 /* Release */,
			);
			defaultConfigurationIsVisible = 0;
			defaultConfigurationName = Release;
		};
		9F2558372A235A8600D5E912 /* Build configuration list for PBXNativeTarget "Payment-App" */ = {
			isa = XCConfigurationList;
			buildConfigurations = (
				9F2558382A235A8600D5E912 /* Debug */,
				9F2558392A235A8600D5E912 /* Release */,
			);
			defaultConfigurationIsVisible = 0;
			defaultConfigurationName = Release;
		};
/* End XCConfigurationList section */
	};
	rootObject = 9F25581B2A235A8400D5E912 /* Project object */;
}
